
Microsoft Visual Studio Solution File, Format Version 12.00
# Visual Studio 15
VisualStudioVersion = 15.0.28307.168
MinimumVisualStudioVersion = 10.0.40219.1
Project("{FAE04EC0-301F-11D3-BF4B-00C04F79EFBC}") = "AArk", "AArk\AArk.csproj", "{603A0CE5-782F-44EC-9F7F-4455DA4AF580}"
EndProject
Global
	GlobalSection(SolutionConfigurationPlatforms) = preSolution
		Debug|Any CPU = Debug|Any CPU
		dev|Any CPU = dev|Any CPU
		Release|Any CPU = Release|Any CPU
	EndGlobalSection
	GlobalSection(ProjectConfigurationPlatforms) = postSolution
		{603A0CE5-782F-44EC-9F7F-4455DA4AF580}.Debug|Any CPU.ActiveCfg = Debug|Any CPU
		{603A0CE5-782F-44EC-9F7F-4455DA4AF580}.Debug|Any CPU.Build.0 = Debug|Any CPU
		{603A0CE5-782F-44EC-9F7F-4455DA4AF580}.dev|Any CPU.ActiveCfg = dev|Any CPU
		{603A0CE5-782F-44EC-9F7F-4455DA4AF580}.dev|Any CPU.Build.0 = dev|Any CPU
		{603A0CE5-782F-44EC-9F7F-4455DA4AF580}.Release|Any CPU.ActiveCfg = Release|Any CPU
		{603A0CE5-782F-44EC-9F7F-4455DA4AF580}.Release|Any CPU.Build.0 = Release|Any CPU
	EndGlobalSection
	GlobalSection(SolutionProperties) = preSolution
		HideSolutionNode = FALSE
	EndGlobalSection
	GlobalSection(ExtensibilityGlobals) = postSolution
		SolutionGuid = {4EDF9AF1-8DDD-40C6-AF94-F8E28F0020A0}
	EndGlobalSection
EndGlobal
